
Microsoft Visual Studio Solution File, Format Version 12.00
# Visual Studio 15
VisualStudioVersion = 15.0.26430.6
MinimumVisualStudioVersion = 10.0.40219.1
Project("{A07B5EB6-E848-4116-A8D0-A826331D98C6}") = "Server", "Server\Server.sfproj", "{074CDCD0-88C0-4016-A12E-6098FD76CECB}"
EndProject
Project("{FAE04EC0-301F-11D3-BF4B-00C04F79EFBC}") = "LogicServer", "LogicServer\LogicServer.csproj", "{D2E43A91-5135-47FF-9780-C0E1C03890DC}"
EndProject
Project("{9A19103F-16F7-4668-BE54-9A1E7A4F7556}") = "Account", "Account\Account.csproj", "{71FFAEC1-2060-4B49-BBB4-14BDAF23EAC2}"
EndProject
Project("{FAE04EC0-301F-11D3-BF4B-00C04F79EFBC}") = "LogicServer.Interface", "LogicServer.Interface\LogicServer.Interface.csproj", "{34A48BDE-1848-4EAA-8977-7E59967554AB}"
EndProject
Project("{2150E333-8FDC-42A3-9474-1A3956D46DE8}") = "Common", "Common", "{61854216-3082-4A08-8B9C-E2BB5F50647D}"
EndProject
Project("{FAE04EC0-301F-11D3-BF4B-00C04F79EFBC}") = "Logging", "Logging\Logging.csproj", "{7350A54D-F392-40EE-9675-C61BB5A1B880}"
EndProject
Project("{FAE04EC0-301F-11D3-BF4B-00C04F79EFBC}") = "Model", "Model\Model.csproj", "{A1AD3A2A-6CBC-4BF3-A765-35F69A0936BF}"
EndProject
Project("{FAE04EC0-301F-11D3-BF4B-00C04F79EFBC}") = "Shared", "Shared\Shared.csproj", "{9306BE41-3C40-42CC-B764-56B725A0F82F}"
EndProject
Project("{FAE04EC0-301F-11D3-BF4B-00C04F79EFBC}") = "PublicGate", "PublicGate\PublicGate.csproj", "{E8314640-DF30-4659-9629-25E8FC9C8EBC}"
EndProject
Project("{FAE04EC0-301F-11D3-BF4B-00C04F79EFBC}") = "PublicGate.Interface", "PublicGate.Interface\PublicGate.Interface.csproj", "{2C0BDED3-AFC6-40CF-BB5F-7E2F4E51B5B9}"
EndProject
Project("{FAE04EC0-301F-11D3-BF4B-00C04F79EFBC}") = "LogServer", "LogServer\LogServer.csproj", "{1A318387-6CF2-4E38-B2BF-F11EA8BE0F01}"
EndProject
Project("{FAE04EC0-301F-11D3-BF4B-00C04F79EFBC}") = "LogServer.Interface", "LogServer.Interface\LogServer.Interface.csproj", "{D88EBC91-986B-4F8E-A768-2125781E6DAD}"
EndProject
Project("{FAE04EC0-301F-11D3-BF4B-00C04F79EFBC}") = "DBServer", "DBServer\DBServer.csproj", "{7772FA1E-D55B-40CC-8FFD-0FF734E584EE}"
EndProject
Project("{FAE04EC0-301F-11D3-BF4B-00C04F79EFBC}") = "DBServer.Interface", "DBServer.Interface\DBServer.Interface.csproj", "{F3608303-CF58-429E-BC3A-85D20B2A2DD6}"
EndProject
Global
	GlobalSection(SolutionConfigurationPlatforms) = preSolution
		Debug|Any CPU = Debug|Any CPU
		Debug|x64 = Debug|x64
		Release|Any CPU = Release|Any CPU
		Release|x64 = Release|x64
	EndGlobalSection
	GlobalSection(ProjectConfigurationPlatforms) = postSolution
		{074CDCD0-88C0-4016-A12E-6098FD76CECB}.Debug|Any CPU.ActiveCfg = Debug|x64
		{074CDCD0-88C0-4016-A12E-6098FD76CECB}.Debug|x64.ActiveCfg = Debug|x64
		{074CDCD0-88C0-4016-A12E-6098FD76CECB}.Debug|x64.Build.0 = Debug|x64
		{074CDCD0-88C0-4016-A12E-6098FD76CECB}.Debug|x64.Deploy.0 = Debug|x64
		{074CDCD0-88C0-4016-A12E-6098FD76CECB}.Release|Any CPU.ActiveCfg = Release|x64
		{074CDCD0-88C0-4016-A12E-6098FD76CECB}.Release|x64.ActiveCfg = Release|x64
		{074CDCD0-88C0-4016-A12E-6098FD76CECB}.Release|x64.Build.0 = Release|x64
		{074CDCD0-88C0-4016-A12E-6098FD76CECB}.Release|x64.Deploy.0 = Release|x64
		{D2E43A91-5135-47FF-9780-C0E1C03890DC}.Debug|Any CPU.ActiveCfg = Debug|x64
		{D2E43A91-5135-47FF-9780-C0E1C03890DC}.Debug|x64.ActiveCfg = Debug|x64
		{D2E43A91-5135-47FF-9780-C0E1C03890DC}.Debug|x64.Build.0 = Debug|x64
		{D2E43A91-5135-47FF-9780-C0E1C03890DC}.Release|Any CPU.ActiveCfg = Release|x64
		{D2E43A91-5135-47FF-9780-C0E1C03890DC}.Release|x64.ActiveCfg = Release|x64
		{D2E43A91-5135-47FF-9780-C0E1C03890DC}.Release|x64.Build.0 = Release|x64
		{71FFAEC1-2060-4B49-BBB4-14BDAF23EAC2}.Debug|Any CPU.ActiveCfg = Debug|Any CPU
		{71FFAEC1-2060-4B49-BBB4-14BDAF23EAC2}.Debug|Any CPU.Build.0 = Debug|Any CPU
		{71FFAEC1-2060-4B49-BBB4-14BDAF23EAC2}.Debug|x64.ActiveCfg = Debug|Any CPU
		{71FFAEC1-2060-4B49-BBB4-14BDAF23EAC2}.Debug|x64.Build.0 = Debug|Any CPU
		{71FFAEC1-2060-4B49-BBB4-14BDAF23EAC2}.Release|Any CPU.ActiveCfg = Release|Any CPU
		{71FFAEC1-2060-4B49-BBB4-14BDAF23EAC2}.Release|Any CPU.Build.0 = Release|Any CPU
		{71FFAEC1-2060-4B49-BBB4-14BDAF23EAC2}.Release|x64.ActiveCfg = Release|Any CPU
		{71FFAEC1-2060-4B49-BBB4-14BDAF23EAC2}.Release|x64.Build.0 = Release|Any CPU
		{34A48BDE-1848-4EAA-8977-7E59967554AB}.Debug|Any CPU.ActiveCfg = Debug|Any CPU
		{34A48BDE-1848-4EAA-8977-7E59967554AB}.Debug|Any CPU.Build.0 = Debug|Any CPU
		{34A48BDE-1848-4EAA-8977-7E59967554AB}.Debug|x64.ActiveCfg = Debug|Any CPU
		{34A48BDE-1848-4EAA-8977-7E59967554AB}.Debug|x64.Build.0 = Debug|Any CPU
		{34A48BDE-1848-4EAA-8977-7E59967554AB}.Release|Any CPU.ActiveCfg = Release|Any CPU
		{34A48BDE-1848-4EAA-8977-7E59967554AB}.Release|Any CPU.Build.0 = Release|Any CPU
		{34A48BDE-1848-4EAA-8977-7E59967554AB}.Release|x64.ActiveCfg = Release|Any CPU
		{34A48BDE-1848-4EAA-8977-7E59967554AB}.Release|x64.Build.0 = Release|Any CPU
		{7350A54D-F392-40EE-9675-C61BB5A1B880}.Debug|Any CPU.ActiveCfg = Debug|Any CPU
		{7350A54D-F392-40EE-9675-C61BB5A1B880}.Debug|Any CPU.Build.0 = Debug|Any CPU
		{7350A54D-F392-40EE-9675-C61BB5A1B880}.Debug|x64.ActiveCfg = Debug|Any CPU
		{7350A54D-F392-40EE-9675-C61BB5A1B880}.Debug|x64.Build.0 = Debug|Any CPU
		{7350A54D-F392-40EE-9675-C61BB5A1B880}.Release|Any CPU.ActiveCfg = Release|Any CPU
		{7350A54D-F392-40EE-9675-C61BB5A1B880}.Release|Any CPU.Build.0 = Release|Any CPU
		{7350A54D-F392-40EE-9675-C61BB5A1B880}.Release|x64.ActiveCfg = Release|Any CPU
		{7350A54D-F392-40EE-9675-C61BB5A1B880}.Release|x64.Build.0 = Release|Any CPU
		{A1AD3A2A-6CBC-4BF3-A765-35F69A0936BF}.Debug|Any CPU.ActiveCfg = Debug|Any CPU
		{A1AD3A2A-6CBC-4BF3-A765-35F69A0936BF}.Debug|Any CPU.Build.0 = Debug|Any CPU
		{A1AD3A2A-6CBC-4BF3-A765-35F69A0936BF}.Debug|x64.ActiveCfg = Debug|Any CPU
		{A1AD3A2A-6CBC-4BF3-A765-35F69A0936BF}.Debug|x64.Build.0 = Debug|Any CPU
		{A1AD3A2A-6CBC-4BF3-A765-35F69A0936BF}.Release|Any CPU.ActiveCfg = Release|Any CPU
		{A1AD3A2A-6CBC-4BF3-A765-35F69A0936BF}.Release|Any CPU.Build.0 = Release|Any CPU
		{A1AD3A2A-6CBC-4BF3-A765-35F69A0936BF}.Release|x64.ActiveCfg = Release|Any CPU
		{A1AD3A2A-6CBC-4BF3-A765-35F69A0936BF}.Release|x64.Build.0 = Release|Any CPU
		{9306BE41-3C40-42CC-B764-56B725A0F82F}.Debug|Any CPU.ActiveCfg = Debug|Any CPU
		{9306BE41-3C40-42CC-B764-56B725A0F82F}.Debug|Any CPU.Build.0 = Debug|Any CPU
		{9306BE41-3C40-42CC-B764-56B725A0F82F}.Debug|x64.ActiveCfg = Debug|Any CPU
		{9306BE41-3C40-42CC-B764-56B725A0F82F}.Debug|x64.Build.0 = Debug|Any CPU
		{9306BE41-3C40-42CC-B764-56B725A0F82F}.Release|Any CPU.ActiveCfg = Release|Any CPU
		{9306BE41-3C40-42CC-B764-56B725A0F82F}.Release|Any CPU.Build.0 = Release|Any CPU
		{9306BE41-3C40-42CC-B764-56B725A0F82F}.Release|x64.ActiveCfg = Release|Any CPU
		{9306BE41-3C40-42CC-B764-56B725A0F82F}.Release|x64.Build.0 = Release|Any CPU
		{E8314640-DF30-4659-9629-25E8FC9C8EBC}.Debug|Any CPU.ActiveCfg = Debug|x64
		{E8314640-DF30-4659-9629-25E8FC9C8EBC}.Debug|x64.ActiveCfg = Debug|x64
		{E8314640-DF30-4659-9629-25E8FC9C8EBC}.Debug|x64.Build.0 = Debug|x64
		{E8314640-DF30-4659-9629-25E8FC9C8EBC}.Release|Any CPU.ActiveCfg = Release|x64
		{E8314640-DF30-4659-9629-25E8FC9C8EBC}.Release|x64.ActiveCfg = Release|x64
		{E8314640-DF30-4659-9629-25E8FC9C8EBC}.Release|x64.Build.0 = Release|x64
		{2C0BDED3-AFC6-40CF-BB5F-7E2F4E51B5B9}.Debug|Any CPU.ActiveCfg = Debug|Any CPU
		{2C0BDED3-AFC6-40CF-BB5F-7E2F4E51B5B9}.Debug|Any CPU.Build.0 = Debug|Any CPU
		{2C0BDED3-AFC6-40CF-BB5F-7E2F4E51B5B9}.Debug|x64.ActiveCfg = Debug|Any CPU
		{2C0BDED3-AFC6-40CF-BB5F-7E2F4E51B5B9}.Debug|x64.Build.0 = Debug|Any CPU
		{2C0BDED3-AFC6-40CF-BB5F-7E2F4E51B5B9}.Release|Any CPU.ActiveCfg = Release|Any CPU
		{2C0BDED3-AFC6-40CF-BB5F-7E2F4E51B5B9}.Release|Any CPU.Build.0 = Release|Any CPU
		{2C0BDED3-AFC6-40CF-BB5F-7E2F4E51B5B9}.Release|x64.ActiveCfg = Release|Any CPU
		{2C0BDED3-AFC6-40CF-BB5F-7E2F4E51B5B9}.Release|x64.Build.0 = Release|Any CPU
		{1A318387-6CF2-4E38-B2BF-F11EA8BE0F01}.Debug|Any CPU.ActiveCfg = Debug|x64
		{1A318387-6CF2-4E38-B2BF-F11EA8BE0F01}.Debug|x64.ActiveCfg = Debug|x64
		{1A318387-6CF2-4E38-B2BF-F11EA8BE0F01}.Debug|x64.Build.0 = Debug|x64
		{1A318387-6CF2-4E38-B2BF-F11EA8BE0F01}.Release|Any CPU.ActiveCfg = Release|x64
		{1A318387-6CF2-4E38-B2BF-F11EA8BE0F01}.Release|x64.ActiveCfg = Release|x64
		{1A318387-6CF2-4E38-B2BF-F11EA8BE0F01}.Release|x64.Build.0 = Release|x64
		{D88EBC91-986B-4F8E-A768-2125781E6DAD}.Debug|Any CPU.ActiveCfg = Debug|Any CPU
		{D88EBC91-986B-4F8E-A768-2125781E6DAD}.Debug|Any CPU.Build.0 = Debug|Any CPU
		{D88EBC91-986B-4F8E-A768-2125781E6DAD}.Debug|x64.ActiveCfg = Debug|Any CPU
		{D88EBC91-986B-4F8E-A768-2125781E6DAD}.Debug|x64.Build.0 = Debug|Any CPU
		{D88EBC91-986B-4F8E-A768-2125781E6DAD}.Release|Any CPU.ActiveCfg = Release|Any CPU
		{D88EBC91-986B-4F8E-A768-2125781E6DAD}.Release|Any CPU.Build.0 = Release|Any CPU
		{D88EBC91-986B-4F8E-A768-2125781E6DAD}.Release|x64.ActiveCfg = Release|Any CPU
		{D88EBC91-986B-4F8E-A768-2125781E6DAD}.Release|x64.Build.0 = Release|Any CPU
		{7772FA1E-D55B-40CC-8FFD-0FF734E584EE}.Debug|Any CPU.ActiveCfg = Debug|x64
		{7772FA1E-D55B-40CC-8FFD-0FF734E584EE}.Debug|x64.ActiveCfg = Debug|x64
		{7772FA1E-D55B-40CC-8FFD-0FF734E584EE}.Debug|x64.Build.0 = Debug|x64
		{7772FA1E-D55B-40CC-8FFD-0FF734E584EE}.Release|Any CPU.ActiveCfg = Release|x64
		{7772FA1E-D55B-40CC-8FFD-0FF734E584EE}.Release|x64.ActiveCfg = Release|x64
		{7772FA1E-D55B-40CC-8FFD-0FF734E584EE}.Release|x64.Build.0 = Release|x64
		{F3608303-CF58-429E-BC3A-85D20B2A2DD6}.Debug|Any CPU.ActiveCfg = Debug|Any CPU
		{F3608303-CF58-429E-BC3A-85D20B2A2DD6}.Debug|Any CPU.Build.0 = Debug|Any CPU
		{F3608303-CF58-429E-BC3A-85D20B2A2DD6}.Debug|x64.ActiveCfg = Debug|Any CPU
		{F3608303-CF58-429E-BC3A-85D20B2A2DD6}.Debug|x64.Build.0 = Debug|Any CPU
		{F3608303-CF58-429E-BC3A-85D20B2A2DD6}.Release|Any CPU.ActiveCfg = Release|Any CPU
		{F3608303-CF58-429E-BC3A-85D20B2A2DD6}.Release|Any CPU.Build.0 = Release|Any CPU
		{F3608303-CF58-429E-BC3A-85D20B2A2DD6}.Release|x64.ActiveCfg = Release|Any CPU
		{F3608303-CF58-429E-BC3A-85D20B2A2DD6}.Release|x64.Build.0 = Release|Any CPU
	EndGlobalSection
	GlobalSection(SolutionProperties) = preSolution
		HideSolutionNode = FALSE
	EndGlobalSection
	GlobalSection(NestedProjects) = preSolution
		{7350A54D-F392-40EE-9675-C61BB5A1B880} = {61854216-3082-4A08-8B9C-E2BB5F50647D}
		{A1AD3A2A-6CBC-4BF3-A765-35F69A0936BF} = {61854216-3082-4A08-8B9C-E2BB5F50647D}
		{9306BE41-3C40-42CC-B764-56B725A0F82F} = {61854216-3082-4A08-8B9C-E2BB5F50647D}
	EndGlobalSection
EndGlobal
